// !$*UTF8*$!
{
	archiveVersion = 1;
	classes = {
	};
	objectVersion = 46;
	objects = {

/* Begin PBXBuildFile section */
		7933620F1B4D21120027325C /* NSMutableURLRequest+Parameters.m in Sources */ = {isa = PBXBuildFile; fileRef = 793361CF1B4D21120027325C /* NSMutableURLRequest+Parameters.m */; settings = {COMPILER_FLAGS = "-fno-objc-arc"; }; };
		793362101B4D21120027325C /* NSString+URLEncoding.m in Sources */ = {isa = PBXBuildFile; fileRef = 793361D11B4D21120027325C /* NSString+URLEncoding.m */; settings = {COMPILER_FLAGS = "-fno-objc-arc"; }; };
		793362111B4D21120027325C /* NSURL+Base.m in Sources */ = {isa = PBXBuildFile; fileRef = 793361D31B4D21120027325C /* NSURL+Base.m */; };
		793362121B4D21120027325C /* Base64Transcoder.c in Sources */ = {isa = PBXBuildFile; fileRef = 793361D51B4D21120027325C /* Base64Transcoder.c */; };
		793362131B4D21120027325C /* hmac.c in Sources */ = {isa = PBXBuildFile; fileRef = 793361D71B4D21120027325C /* hmac.c */; };
		793362141B4D21120027325C /* sha1.c in Sources */ = {isa = PBXBuildFile; fileRef = 793361D91B4D21120027325C /* sha1.c */; };
		793362151B4D21120027325C /* InfoPlist.strings in Resources */ = {isa = PBXBuildFile; fileRef = 793361DC1B4D21120027325C /* InfoPlist.strings */; };
		793362161B4D21120027325C /* MainWindow.xib in Resources */ = {isa = PBXBuildFile; fileRef = 793361DE1B4D21120027325C /* MainWindow.xib */; };
		793362171B4D21120027325C /* Icon-72.png in Resources */ = {isa = PBXBuildFile; fileRef = 793361E21B4D21120027325C /* Icon-72.png */; };
		793362181B4D21120027325C /* Icon.png in Resources */ = {isa = PBXBuildFile; fileRef = 793361E31B4D21120027325C /* Icon.png */; };
		793362191B4D21120027325C /* Icon@2x.png in Resources */ = {isa = PBXBuildFile; fileRef = 793361E41B4D21120027325C /* Icon@2x.png */; };
		7933621A1B4D21120027325C /* JSONKit.m in Sources */ = {isa = PBXBuildFile; fileRef = 793361E61B4D21120027325C /* JSONKit.m */; settings = {COMPILER_FLAGS = "-fno-objc-arc"; }; };
		7933621B1B4D21120027325C /* linkedInBluebutton-highlight.png in Resources */ = {isa = PBXBuildFile; fileRef = 793361E71B4D21120027325C /* linkedInBluebutton-highlight.png */; };
		7933621C1B4D21120027325C /* linkedInBluebutton.png in Resources */ = {isa = PBXBuildFile; fileRef = 793361E81B4D21120027325C /* linkedInBluebutton.png */; };
		7933621D1B4D21120027325C /* OAAttachment.m in Sources */ = {isa = PBXBuildFile; fileRef = 793361EB1B4D21120027325C /* OAAttachment.m */; settings = {COMPILER_FLAGS = "-fno-objc-arc"; }; };
		7933621E1B4D21120027325C /* OACall.m in Sources */ = {isa = PBXBuildFile; fileRef = 793361ED1B4D21120027325C /* OACall.m */; settings = {COMPILER_FLAGS = "-fno-objc-arc"; }; };
		7933621F1B4D21120027325C /* OAConsumer.m in Sources */ = {isa = PBXBuildFile; fileRef = 793361EF1B4D21120027325C /* OAConsumer.m */; settings = {COMPILER_FLAGS = "-fno-objc-arc"; }; };
		793362201B4D21120027325C /* OADataFetcher.m in Sources */ = {isa = PBXBuildFile; fileRef = 793361F11B4D21120027325C /* OADataFetcher.m */; settings = {COMPILER_FLAGS = "-fno-objc-arc"; }; };
		793362211B4D21120027325C /* OAHMAC_SHA1SignatureProvider.m in Sources */ = {isa = PBXBuildFile; fileRef = 793361F31B4D21120027325C /* OAHMAC_SHA1SignatureProvider.m */; settings = {COMPILER_FLAGS = "-fno-objc-arc"; }; };
		793362221B4D21120027325C /* OAMutableURLRequest.m in Sources */ = {isa = PBXBuildFile; fileRef = 793361F51B4D21120027325C /* OAMutableURLRequest.m */; settings = {COMPILER_FLAGS = "-fno-objc-arc"; }; };
		793362231B4D21120027325C /* OAPlaintextSignatureProvider.m in Sources */ = {isa = PBXBuildFile; fileRef = 793361F71B4D21120027325C /* OAPlaintextSignatureProvider.m */; };
		793362241B4D21120027325C /* OAProblem.m in Sources */ = {isa = PBXBuildFile; fileRef = 793361F91B4D21120027325C /* OAProblem.m */; settings = {COMPILER_FLAGS = "-fno-objc-arc"; }; };
		793362251B4D21120027325C /* OARequestParameter.m in Sources */ = {isa = PBXBuildFile; fileRef = 793361FB1B4D21120027325C /* OARequestParameter.m */; settings = {COMPILER_FLAGS = "-fno-objc-arc"; }; };
		793362261B4D21120027325C /* OAServiceTicket.m in Sources */ = {isa = PBXBuildFile; fileRef = 793361FD1B4D21120027325C /* OAServiceTicket.m */; settings = {COMPILER_FLAGS = "-fno-objc-arc"; }; };
		793362271B4D21120027325C /* OAToken.m in Sources */ = {isa = PBXBuildFile; fileRef = 793362001B4D21120027325C /* OAToken.m */; settings = {COMPILER_FLAGS = "-fno-objc-arc"; }; };
		793362281B4D21120027325C /* OATokenManager.m in Sources */ = {isa = PBXBuildFile; fileRef = 793362021B4D21120027325C /* OATokenManager.m */; settings = {COMPILER_FLAGS = "-fno-objc-arc"; }; };
		793362291B4D21120027325C /* OAuthLoginView.m in Sources */ = {isa = PBXBuildFile; fileRef = 793362051B4D21120027325C /* OAuthLoginView.m */; settings = {COMPILER_FLAGS = "-fno-objc-arc"; }; };
		7933622A1B4D21120027325C /* OAuthLoginView.xib in Resources */ = {isa = PBXBuildFile; fileRef = 793362061B4D21120027325C /* OAuthLoginView.xib */; };
		7933622B1B4D21120027325C /* OAuthStarterKit-Info.plist in Resources */ = {isa = PBXBuildFile; fileRef = 793362071B4D21120027325C /* OAuthStarterKit-Info.plist */; };
		7933622C1B4D21120027325C /* OAuthStarterKitAppDelegate.m in Sources */ = {isa = PBXBuildFile; fileRef = 7933620A1B4D21120027325C /* OAuthStarterKitAppDelegate.m */; };
		7933622D1B4D21120027325C /* ProfileTabView.m in Sources */ = {isa = PBXBuildFile; fileRef = 7933620C1B4D21120027325C /* ProfileTabView.m */; settings = {COMPILER_FLAGS = "-fno-objc-arc"; }; };
		7933622E1B4D21120027325C /* ProfileTabView.xib in Resources */ = {isa = PBXBuildFile; fileRef = 7933620D1B4D21120027325C /* ProfileTabView.xib */; };
		7933622F1B4D21120027325C /* READ_ME.txt in Resources */ = {isa = PBXBuildFile; fileRef = 7933620E1B4D21120027325C /* READ_ME.txt */; };
		79F0CE4E1B3C433000BDD22D /* main.m in Sources */ = {isa = PBXBuildFile; fileRef = 79F0CE4D1B3C433000BDD22D /* main.m */; };
		79F0CE511B3C433000BDD22D /* AppDelegate.m in Sources */ = {isa = PBXBuildFile; fileRef = 79F0CE501B3C433000BDD22D /* AppDelegate.m */; };
		79F0CE541B3C433000BDD22D /* ViewController.m in Sources */ = {isa = PBXBuildFile; fileRef = 79F0CE531B3C433000BDD22D /* ViewController.m */; };
		79F0CE571B3C433000BDD22D /* Main.storyboard in Resources */ = {isa = PBXBuildFile; fileRef = 79F0CE551B3C433000BDD22D /* Main.storyboard */; };
		79F0CE591B3C433000BDD22D /* Images.xcassets in Resources */ = {isa = PBXBuildFile; fileRef = 79F0CE581B3C433000BDD22D /* Images.xcassets */; };
		79F0CE5C1B3C433000BDD22D /* LaunchScreen.xib in Resources */ = {isa = PBXBuildFile; fileRef = 79F0CE5A1B3C433000BDD22D /* LaunchScreen.xib */; };
		79F0CE681B3C433100BDD22D /* LinkedInPracticeTests.m in Sources */ = {isa = PBXBuildFile; fileRef = 79F0CE671B3C433100BDD22D /* LinkedInPracticeTests.m */; };
		79F0CEDC1B3C48C000BDD22D /* UIKit.framework in Frameworks */ = {isa = PBXBuildFile; fileRef = 79F0CEDB1B3C48C000BDD22D /* UIKit.framework */; };
		79F0CEDE1B3C48C700BDD22D /* Foundation.framework in Frameworks */ = {isa = PBXBuildFile; fileRef = 79F0CEDD1B3C48C700BDD22D /* Foundation.framework */; };
/* End PBXBuildFile section */

/* Begin PBXContainerItemProxy section */
		79F0CE621B3C433000BDD22D /* PBXContainerItemProxy */ = {
			isa = PBXContainerItemProxy;
			containerPortal = 79F0CE401B3C432E00BDD22D /* Project object */;
			proxyType = 1;
			remoteGlobalIDString = 79F0CE471B3C432F00BDD22D;
			remoteInfo = LinkedInPractice;
		};
/* End PBXContainerItemProxy section */

/* Begin PBXFileReference section */
		793361CE1B4D21120027325C /* NSMutableURLRequest+Parameters.h */ = {isa = PBXFileReference; fileEncoding = 4; lastKnownFileType = sourcecode.c.h; path = "NSMutableURLRequest+Parameters.h"; sourceTree = "<group>"; };
		793361CF1B4D21120027325C /* NSMutableURLRequest+Parameters.m */ = {isa = PBXFileReference; fileEncoding = 4; lastKnownFileType = sourcecode.c.objc; path = "NSMutableURLRequest+Parameters.m"; sourceTree = "<group>"; };
		793361D01B4D21120027325C /* NSString+URLEncoding.h */ = {isa = PBXFileReference; fileEncoding = 4; lastKnownFileType = sourcecode.c.h; path = "NSString+URLEncoding.h"; sourceTree = "<group>"; };
		793361D11B4D21120027325C /* NSString+URLEncoding.m */ = {isa = PBXFileReference; fileEncoding = 4; lastKnownFileType = sourcecode.c.objc; path = "NSString+URLEncoding.m"; sourceTree = "<group>"; };
		793361D21B4D21120027325C /* NSURL+Base.h */ = {isa = PBXFileReference; fileEncoding = 4; lastKnownFileType = sourcecode.c.h; path = "NSURL+Base.h"; sourceTree = "<group>"; };
		793361D31B4D21120027325C /* NSURL+Base.m */ = {isa = PBXFileReference; fileEncoding = 4; lastKnownFileType = sourcecode.c.objc; path = "NSURL+Base.m"; sourceTree = "<group>"; };
		793361D51B4D21120027325C /* Base64Transcoder.c */ = {isa = PBXFileReference; fileEncoding = 4; lastKnownFileType = sourcecode.c.c; path = Base64Transcoder.c; sourceTree = "<group>"; };
		793361D61B4D21120027325C /* Base64Transcoder.h */ = {isa = PBXFileReference; fileEncoding = 4; lastKnownFileType = sourcecode.c.h; path = Base64Transcoder.h; sourceTree = "<group>"; };
		793361D71B4D21120027325C /* hmac.c */ = {isa = PBXFileReference; fileEncoding = 4; lastKnownFileType = sourcecode.c.c; path = hmac.c; sourceTree = "<group>"; };
		793361D81B4D21120027325C /* hmac.h */ = {isa = PBXFileReference; fileEncoding = 4; lastKnownFileType = sourcecode.c.h; path = hmac.h; sourceTree = "<group>"; };
		793361D91B4D21120027325C /* sha1.c */ = {isa = PBXFileReference; fileEncoding = 4; lastKnownFileType = sourcecode.c.c; path = sha1.c; sourceTree = "<group>"; };
		793361DA1B4D21120027325C /* sha1.h */ = {isa = PBXFileReference; fileEncoding = 4; lastKnownFileType = sourcecode.c.h; path = sha1.h; sourceTree = "<group>"; };
		793361DD1B4D21120027325C /* en */ = {isa = PBXFileReference; lastKnownFileType = text.plist.strings; name = en; path = en.lproj/InfoPlist.strings; sourceTree = "<group>"; };
		793361DF1B4D21120027325C /* en */ = {isa = PBXFileReference; lastKnownFileType = file.xib; name = en; path = en.lproj/MainWindow.xib; sourceTree = "<group>"; };
		793361E01B4D21120027325C /* es */ = {isa = PBXFileReference; lastKnownFileType = text.plist.strings; name = es; path = es.lproj/InfoPlist.strings; sourceTree = "<group>"; };
		793361E11B4D21120027325C /* es */ = {isa = PBXFileReference; lastKnownFileType = file.xib; name = es; path = es.lproj/MainWindow.xib; sourceTree = "<group>"; };
		793361E21B4D21120027325C /* Icon-72.png */ = {isa = PBXFileReference; lastKnownFileType = image.png; path = "Icon-72.png"; sourceTree = "<group>"; };
		793361E31B4D21120027325C /* Icon.png */ = {isa = PBXFileReference; lastKnownFileType = image.png; path = Icon.png; sourceTree = "<group>"; };
		793361E41B4D21120027325C /* Icon@2x.png */ = {isa = PBXFileReference; lastKnownFileType = image.png; path = "Icon@2x.png"; sourceTree = "<group>"; };
		793361E51B4D21120027325C /* JSONKit.h */ = {isa = PBXFileReference; fileEncoding = 4; lastKnownFileType = sourcecode.c.h; path = JSONKit.h; sourceTree = "<group>"; };
		793361E61B4D21120027325C /* JSONKit.m */ = {isa = PBXFileReference; fileEncoding = 4; lastKnownFileType = sourcecode.c.objc; path = JSONKit.m; sourceTree = "<group>"; };
		793361E71B4D21120027325C /* linkedInBluebutton-highlight.png */ = {isa = PBXFileReference; lastKnownFileType = image.png; path = "linkedInBluebutton-highlight.png"; sourceTree = "<group>"; };
		793361E81B4D21120027325C /* linkedInBluebutton.png */ = {isa = PBXFileReference; lastKnownFileType = image.png; path = linkedInBluebutton.png; sourceTree = "<group>"; };
		793361E91B4D21120027325C /* OAAtachmentF.h */ = {isa = PBXFileReference; fileEncoding = 4; lastKnownFileType = sourcecode.c.h; path = OAAtachmentF.h; sourceTree = "<group>"; };
		793361EA1B4D21120027325C /* OAAttachment.h */ = {isa = PBXFileReference; fileEncoding = 4; lastKnownFileType = sourcecode.c.h; path = OAAttachment.h; sourceTree = "<group>"; };
		793361EB1B4D21120027325C /* OAAttachment.m */ = {isa = PBXFileReference; fileEncoding = 4; lastKnownFileType = sourcecode.c.objc; path = OAAttachment.m; sourceTree = "<group>"; };
		793361EC1B4D21120027325C /* OACall.h */ = {isa = PBXFileReference; fileEncoding = 4; lastKnownFileType = sourcecode.c.h; path = OACall.h; sourceTree = "<group>"; };
		793361ED1B4D21120027325C /* OACall.m */ = {isa = PBXFileReference; fileEncoding = 4; lastKnownFileType = sourcecode.c.objc; path = OACall.m; sourceTree = "<group>"; };
		793361EE1B4D21120027325C /* OAConsumer.h */ = {isa = PBXFileReference; fileEncoding = 4; lastKnownFileType = sourcecode.c.h; path = OAConsumer.h; sourceTree = "<group>"; };
		793361EF1B4D21120027325C /* OAConsumer.m */ = {isa = PBXFileReference; fileEncoding = 4; lastKnownFileType = sourcecode.c.objc; path = OAConsumer.m; sourceTree = "<group>"; };
		793361F01B4D21120027325C /* OADataFetcher.h */ = {isa = PBXFileReference; fileEncoding = 4; lastKnownFileType = sourcecode.c.h; path = OADataFetcher.h; sourceTree = "<group>"; };
		793361F11B4D21120027325C /* OADataFetcher.m */ = {isa = PBXFileReference; fileEncoding = 4; lastKnownFileType = sourcecode.c.objc; path = OADataFetcher.m; sourceTree = "<group>"; };
		793361F21B4D21120027325C /* OAHMAC_SHA1SignatureProvider.h */ = {isa = PBXFileReference; fileEncoding = 4; lastKnownFileType = sourcecode.c.h; path = OAHMAC_SHA1SignatureProvider.h; sourceTree = "<group>"; };
		793361F31B4D21120027325C /* OAHMAC_SHA1SignatureProvider.m */ = {isa = PBXFileReference; fileEncoding = 4; lastKnownFileType = sourcecode.c.objc; path = OAHMAC_SHA1SignatureProvider.m; sourceTree = "<group>"; };
		793361F41B4D21120027325C /* OAMutableURLRequest.h */ = {isa = PBXFileReference; fileEncoding = 4; lastKnownFileType = sourcecode.c.h; path = OAMutableURLRequest.h; sourceTree = "<group>"; };
		793361F51B4D21120027325C /* OAMutableURLRequest.m */ = {isa = PBXFileReference; fileEncoding = 4; lastKnownFileType = sourcecode.c.objc; path = OAMutableURLRequest.m; sourceTree = "<group>"; };
		793361F61B4D21120027325C /* OAPlaintextSignatureProvider.h */ = {isa = PBXFileReference; fileEncoding = 4; lastKnownFileType = sourcecode.c.h; path = OAPlaintextSignatureProvider.h; sourceTree = "<group>"; };
		793361F71B4D21120027325C /* OAPlaintextSignatureProvider.m */ = {isa = PBXFileReference; fileEncoding = 4; lastKnownFileType = sourcecode.c.objc; path = OAPlaintextSignatureProvider.m; sourceTree = "<group>"; };
		793361F81B4D21120027325C /* OAProblem.h */ = {isa = PBXFileReference; fileEncoding = 4; lastKnownFileType = sourcecode.c.h; path = OAProblem.h; sourceTree = "<group>"; };
		793361F91B4D21120027325C /* OAProblem.m */ = {isa = PBXFileReference; fileEncoding = 4; lastKnownFileType = sourcecode.c.objc; path = OAProblem.m; sourceTree = "<group>"; };
		793361FA1B4D21120027325C /* OARequestParameter.h */ = {isa = PBXFileReference; fileEncoding = 4; lastKnownFileType = sourcecode.c.h; path = OARequestParameter.h; sourceTree = "<group>"; };
		793361FB1B4D21120027325C /* OARequestParameter.m */ = {isa = PBXFileReference; fileEncoding = 4; lastKnownFileType = sourcecode.c.objc; path = OARequestParameter.m; sourceTree = "<group>"; };
		793361FC1B4D21120027325C /* OAServiceTicket.h */ = {isa = PBXFileReference; fileEncoding = 4; lastKnownFileType = sourcecode.c.h; path = OAServiceTicket.h; sourceTree = "<group>"; };
		793361FD1B4D21120027325C /* OAServiceTicket.m */ = {isa = PBXFileReference; fileEncoding = 4; lastKnownFileType = sourcecode.c.objc; path = OAServiceTicket.m; sourceTree = "<group>"; };
		793361FE1B4D21120027325C /* OASignatureProviding.h */ = {isa = PBXFileReference; fileEncoding = 4; lastKnownFileType = sourcecode.c.h; path = OASignatureProviding.h; sourceTree = "<group>"; };
		793361FF1B4D21120027325C /* OAToken.h */ = {isa = PBXFileReference; fileEncoding = 4; lastKnownFileType = sourcecode.c.h; path = OAToken.h; sourceTree = "<group>"; };
		793362001B4D21120027325C /* OAToken.m */ = {isa = PBXFileReference; fileEncoding = 4; lastKnownFileType = sourcecode.c.objc; path = OAToken.m; sourceTree = "<group>"; };
		793362011B4D21120027325C /* OATokenManager.h */ = {isa = PBXFileReference; fileEncoding = 4; lastKnownFileType = sourcecode.c.h; path = OATokenManager.h; sourceTree = "<group>"; };
		793362021B4D21120027325C /* OATokenManager.m */ = {isa = PBXFileReference; fileEncoding = 4; lastKnownFileType = sourcecode.c.objc; path = OATokenManager.m; sourceTree = "<group>"; };
		793362031B4D21120027325C /* OAuthConsumer.h */ = {isa = PBXFileReference; fileEncoding = 4; lastKnownFileType = sourcecode.c.h; path = OAuthConsumer.h; sourceTree = "<group>"; };
		793362041B4D21120027325C /* OAuthLoginView.h */ = {isa = PBXFileReference; fileEncoding = 4; lastKnownFileType = sourcecode.c.h; path = OAuthLoginView.h; sourceTree = "<group>"; };
		793362051B4D21120027325C /* OAuthLoginView.m */ = {isa = PBXFileReference; fileEncoding = 4; lastKnownFileType = sourcecode.c.objc; path = OAuthLoginView.m; sourceTree = "<group>"; };
		793362061B4D21120027325C /* OAuthLoginView.xib */ = {isa = PBXFileReference; fileEncoding = 4; lastKnownFileType = file.xib; path = OAuthLoginView.xib; sourceTree = "<group>"; };
		793362071B4D21120027325C /* OAuthStarterKit-Info.plist */ = {isa = PBXFileReference; fileEncoding = 4; lastKnownFileType = text.plist.xml; path = "OAuthStarterKit-Info.plist"; sourceTree = "<group>"; };
		793362081B4D21120027325C /* OAuthStarterKit-Prefix.pch */ = {isa = PBXFileReference; fileEncoding = 4; lastKnownFileType = sourcecode.c.h; path = "OAuthStarterKit-Prefix.pch"; sourceTree = "<group>"; };
		793362091B4D21120027325C /* OAuthStarterKitAppDelegate.h */ = {isa = PBXFileReference; fileEncoding = 4; lastKnownFileType = sourcecode.c.h; path = OAuthStarterKitAppDelegate.h; sourceTree = "<group>"; };
		7933620A1B4D21120027325C /* OAuthStarterKitAppDelegate.m */ = {isa = PBXFileReference; fileEncoding = 4; lastKnownFileType = sourcecode.c.objc; path = OAuthStarterKitAppDelegate.m; sourceTree = "<group>"; };
		7933620B1B4D21120027325C /* ProfileTabView.h */ = {isa = PBXFileReference; fileEncoding = 4; lastKnownFileType = sourcecode.c.h; path = ProfileTabView.h; sourceTree = "<group>"; };
		7933620C1B4D21120027325C /* ProfileTabView.m */ = {isa = PBXFileReference; fileEncoding = 4; lastKnownFileType = sourcecode.c.objc; path = ProfileTabView.m; sourceTree = "<group>"; };
		7933620D1B4D21120027325C /* ProfileTabView.xib */ = {isa = PBXFileReference; fileEncoding = 4; lastKnownFileType = file.xib; path = ProfileTabView.xib; sourceTree = "<group>"; };
		7933620E1B4D21120027325C /* READ_ME.txt */ = {isa = PBXFileReference; fileEncoding = 4; lastKnownFileType = text; path = READ_ME.txt; sourceTree = "<group>"; };
		79F0CE481B3C432F00BDD22D /* LinkedInPractice.app */ = {isa = PBXFileReference; explicitFileType = wrapper.application; includeInIndex = 0; path = LinkedInPractice.app; sourceTree = BUILT_PRODUCTS_DIR; };
		79F0CE4C1B3C433000BDD22D /* Info.plist */ = {isa = PBXFileReference; lastKnownFileType = text.plist.xml; path = Info.plist; sourceTree = "<group>"; };
		79F0CE4D1B3C433000BDD22D /* main.m */ = {isa = PBXFileReference; lastKnownFileType = sourcecode.c.objc; path = main.m; sourceTree = "<group>"; };
		79F0CE4F1B3C433000BDD22D /* AppDelegate.h */ = {isa = PBXFileReference; lastKnownFileType = sourcecode.c.h; path = AppDelegate.h; sourceTree = "<group>"; };
		79F0CE501B3C433000BDD22D /* AppDelegate.m */ = {isa = PBXFileReference; lastKnownFileType = sourcecode.c.objc; path = AppDelegate.m; sourceTree = "<group>"; };
		79F0CE521B3C433000BDD22D /* ViewController.h */ = {isa = PBXFileReference; lastKnownFileType = sourcecode.c.h; path = ViewController.h; sourceTree = "<group>"; };
		79F0CE531B3C433000BDD22D /* ViewController.m */ = {isa = PBXFileReference; lastKnownFileType = sourcecode.c.objc; path = ViewController.m; sourceTree = "<group>"; };
		79F0CE561B3C433000BDD22D /* Base */ = {isa = PBXFileReference; lastKnownFileType = file.storyboard; name = Base; path = Base.lproj/Main.storyboard; sourceTree = "<group>"; };
		79F0CE581B3C433000BDD22D /* Images.xcassets */ = {isa = PBXFileReference; lastKnownFileType = folder.assetcatalog; path = Images.xcassets; sourceTree = "<group>"; };
		79F0CE5B1B3C433000BDD22D /* Base */ = {isa = PBXFileReference; lastKnownFileType = file.xib; name = Base; path = Base.lproj/LaunchScreen.xib; sourceTree = "<group>"; };
		79F0CE611B3C433000BDD22D /* LinkedInPracticeTests.xctest */ = {isa = PBXFileReference; explicitFileType = wrapper.cfbundle; includeInIndex = 0; path = LinkedInPracticeTests.xctest; sourceTree = BUILT_PRODUCTS_DIR; };
		79F0CE661B3C433000BDD22D /* Info.plist */ = {isa = PBXFileReference; lastKnownFileType = text.plist.xml; path = Info.plist; sourceTree = "<group>"; };
		79F0CE671B3C433100BDD22D /* LinkedInPracticeTests.m */ = {isa = PBXFileReference; lastKnownFileType = sourcecode.c.objc; path = LinkedInPracticeTests.m; sourceTree = "<group>"; };
		79F0CEDB1B3C48C000BDD22D /* UIKit.framework */ = {isa = PBXFileReference; lastKnownFileType = wrapper.framework; name = UIKit.framework; path = System/Library/Frameworks/UIKit.framework; sourceTree = SDKROOT; };
		79F0CEDD1B3C48C700BDD22D /* Foundation.framework */ = {isa = PBXFileReference; lastKnownFileType = wrapper.framework; name = Foundation.framework; path = System/Library/Frameworks/Foundation.framework; sourceTree = SDKROOT; };
		79F0CEDF1B3C498200BDD22D /* LinkedInPractice.pch */ = {isa = PBXFileReference; lastKnownFileType = sourcecode.c.h; path = LinkedInPractice.pch; sourceTree = "<group>"; };
/* End PBXFileReference section */

/* Begin PBXFrameworksBuildPhase section */
		79F0CE451B3C432F00BDD22D /* Frameworks */ = {
			isa = PBXFrameworksBuildPhase;
			buildActionMask = 2147483647;
			files = (
				79F0CEDE1B3C48C700BDD22D /* Foundation.framework in Frameworks */,
				79F0CEDC1B3C48C000BDD22D /* UIKit.framework in Frameworks */,
			);
			runOnlyForDeploymentPostprocessing = 0;
		};
		79F0CE5E1B3C433000BDD22D /* Frameworks */ = {
			isa = PBXFrameworksBuildPhase;
			buildActionMask = 2147483647;
			files = (
			);
			runOnlyForDeploymentPostprocessing = 0;
		};
/* End PBXFrameworksBuildPhase section */

/* Begin PBXGroup section */
		793361CC1B4D21120027325C /* LinkedIn */ = {
			isa = PBXGroup;
			children = (
				793361CD1B4D21120027325C /* Categories */,
				793361D41B4D21120027325C /* Crytpo */,
				793361DB1B4D21120027325C /* OAuthStarterKit */,
			);
			name = LinkedIn;
			sourceTree = "<group>";
		};
		793361CD1B4D21120027325C /* Categories */ = {
			isa = PBXGroup;
			children = (
				793361CE1B4D21120027325C /* NSMutableURLRequest+Parameters.h */,
				793361CF1B4D21120027325C /* NSMutableURLRequest+Parameters.m */,
				793361D01B4D21120027325C /* NSString+URLEncoding.h */,
				793361D11B4D21120027325C /* NSString+URLEncoding.m */,
				793361D21B4D21120027325C /* NSURL+Base.h */,
				793361D31B4D21120027325C /* NSURL+Base.m */,
			);
			path = Categories;
			sourceTree = "<group>";
		};
		793361D41B4D21120027325C /* Crytpo */ = {
			isa = PBXGroup;
			children = (
				793361D51B4D21120027325C /* Base64Transcoder.c */,
				793361D61B4D21120027325C /* Base64Transcoder.h */,
				793361D71B4D21120027325C /* hmac.c */,
				793361D81B4D21120027325C /* hmac.h */,
				793361D91B4D21120027325C /* sha1.c */,
				793361DA1B4D21120027325C /* sha1.h */,
			);
			path = Crytpo;
			sourceTree = "<group>";
		};
		793361DB1B4D21120027325C /* OAuthStarterKit */ = {
			isa = PBXGroup;
			children = (
				793361DC1B4D21120027325C /* InfoPlist.strings */,
				793361DE1B4D21120027325C /* MainWindow.xib */,
				793361E21B4D21120027325C /* Icon-72.png */,
				793361E31B4D21120027325C /* Icon.png */,
				793361E41B4D21120027325C /* Icon@2x.png */,
				793361E51B4D21120027325C /* JSONKit.h */,
				793361E61B4D21120027325C /* JSONKit.m */,
				793361E71B4D21120027325C /* linkedInBluebutton-highlight.png */,
				793361E81B4D21120027325C /* linkedInBluebutton.png */,
				793361E91B4D21120027325C /* OAAtachmentF.h */,
				793361EA1B4D21120027325C /* OAAttachment.h */,
				793361EB1B4D21120027325C /* OAAttachment.m */,
				793361EC1B4D21120027325C /* OACall.h */,
				793361ED1B4D21120027325C /* OACall.m */,
				793361EE1B4D21120027325C /* OAConsumer.h */,
				793361EF1B4D21120027325C /* OAConsumer.m */,
				793361F01B4D21120027325C /* OADataFetcher.h */,
				793361F11B4D21120027325C /* OADataFetcher.m */,
				793361F21B4D21120027325C /* OAHMAC_SHA1SignatureProvider.h */,
				793361F31B4D21120027325C /* OAHMAC_SHA1SignatureProvider.m */,
				793361F41B4D21120027325C /* OAMutableURLRequest.h */,
				793361F51B4D21120027325C /* OAMutableURLRequest.m */,
				793361F61B4D21120027325C /* OAPlaintextSignatureProvider.h */,
				793361F71B4D21120027325C /* OAPlaintextSignatureProvider.m */,
				793361F81B4D21120027325C /* OAProblem.h */,
				793361F91B4D21120027325C /* OAProblem.m */,
				793361FA1B4D21120027325C /* OARequestParameter.h */,
				793361FB1B4D21120027325C /* OARequestParameter.m */,
				793361FC1B4D21120027325C /* OAServiceTicket.h */,
				793361FD1B4D21120027325C /* OAServiceTicket.m */,
				793361FE1B4D21120027325C /* OASignatureProviding.h */,
				793361FF1B4D21120027325C /* OAToken.h */,
				793362001B4D21120027325C /* OAToken.m */,
				793362011B4D21120027325C /* OATokenManager.h */,
				793362021B4D21120027325C /* OATokenManager.m */,
				793362031B4D21120027325C /* OAuthConsumer.h */,
				793362041B4D21120027325C /* OAuthLoginView.h */,
				793362051B4D21120027325C /* OAuthLoginView.m */,
				793362061B4D21120027325C /* OAuthLoginView.xib */,
				793362071B4D21120027325C /* OAuthStarterKit-Info.plist */,
				793362081B4D21120027325C /* OAuthStarterKit-Prefix.pch */,
				793362091B4D21120027325C /* OAuthStarterKitAppDelegate.h */,
				7933620A1B4D21120027325C /* OAuthStarterKitAppDelegate.m */,
				7933620B1B4D21120027325C /* ProfileTabView.h */,
				7933620C1B4D21120027325C /* ProfileTabView.m */,
				7933620D1B4D21120027325C /* ProfileTabView.xib */,
				7933620E1B4D21120027325C /* READ_ME.txt */,
			);
			path = OAuthStarterKit;
			sourceTree = "<group>";
		};
		79F0CE3F1B3C432E00BDD22D = {
			isa = PBXGroup;
			children = (
				79F0CEDD1B3C48C700BDD22D /* Foundation.framework */,
				79F0CEDB1B3C48C000BDD22D /* UIKit.framework */,
				79F0CE4A1B3C432F00BDD22D /* LinkedInPractice */,
				79F0CE641B3C433000BDD22D /* LinkedInPracticeTests */,
				79F0CE491B3C432F00BDD22D /* Products */,
			);
			sourceTree = "<group>";
		};
		79F0CE491B3C432F00BDD22D /* Products */ = {
			isa = PBXGroup;
			children = (
				79F0CE481B3C432F00BDD22D /* LinkedInPractice.app */,
				79F0CE611B3C433000BDD22D /* LinkedInPracticeTests.xctest */,
			);
			name = Products;
			sourceTree = "<group>";
		};
		79F0CE4A1B3C432F00BDD22D /* LinkedInPractice */ = {
			isa = PBXGroup;
			children = (
				79F0CE721B3C451400BDD22D /* LinkedIn */,
				79F0CE4F1B3C433000BDD22D /* AppDelegate.h */,
				79F0CE501B3C433000BDD22D /* AppDelegate.m */,
				79F0CE521B3C433000BDD22D /* ViewController.h */,
				79F0CE531B3C433000BDD22D /* ViewController.m */,
				79F0CE551B3C433000BDD22D /* Main.storyboard */,
				79F0CE581B3C433000BDD22D /* Images.xcassets */,
				79F0CE5A1B3C433000BDD22D /* LaunchScreen.xib */,
				79F0CE4B1B3C433000BDD22D /* Supporting Files */,
			);
			path = LinkedInPractice;
			sourceTree = "<group>";
		};
		79F0CE4B1B3C433000BDD22D /* Supporting Files */ = {
			isa = PBXGroup;
			children = (
				79F0CE4C1B3C433000BDD22D /* Info.plist */,
				79F0CE4D1B3C433000BDD22D /* main.m */,
				79F0CEDF1B3C498200BDD22D /* LinkedInPractice.pch */,
			);
			name = "Supporting Files";
			sourceTree = "<group>";
		};
		79F0CE641B3C433000BDD22D /* LinkedInPracticeTests */ = {
			isa = PBXGroup;
			children = (
				79F0CE671B3C433100BDD22D /* LinkedInPracticeTests.m */,
				79F0CE651B3C433000BDD22D /* Supporting Files */,
			);
			path = LinkedInPracticeTests;
			sourceTree = "<group>";
		};
		79F0CE651B3C433000BDD22D /* Supporting Files */ = {
			isa = PBXGroup;
			children = (
				79F0CE661B3C433000BDD22D /* Info.plist */,
			);
			name = "Supporting Files";
			sourceTree = "<group>";
		};
		79F0CE721B3C451400BDD22D /* LinkedIn */ = {
			isa = PBXGroup;
			children = (
				793361CC1B4D21120027325C /* LinkedIn */,
			);
			path = LinkedIn;
			sourceTree = "<group>";
		};
/* End PBXGroup section */

/* Begin PBXNativeTarget section */
		79F0CE471B3C432F00BDD22D /* LinkedInPractice */ = {
			isa = PBXNativeTarget;
			buildConfigurationList = 79F0CE6B1B3C433100BDD22D /* Build configuration list for PBXNativeTarget "LinkedInPractice" */;
			buildPhases = (
				79F0CE441B3C432F00BDD22D /* Sources */,
				79F0CE451B3C432F00BDD22D /* Frameworks */,
				79F0CE461B3C432F00BDD22D /* Resources */,
			);
			buildRules = (
			);
			dependencies = (
			);
			name = LinkedInPractice;
			productName = LinkedInPractice;
			productReference = 79F0CE481B3C432F00BDD22D /* LinkedInPractice.app */;
			productType = "com.apple.product-type.application";
		};
		79F0CE601B3C433000BDD22D /* LinkedInPracticeTests */ = {
			isa = PBXNativeTarget;
			buildConfigurationList = 79F0CE6E1B3C433100BDD22D /* Build configuration list for PBXNativeTarget "LinkedInPracticeTests" */;
			buildPhases = (
				79F0CE5D1B3C433000BDD22D /* Sources */,
				79F0CE5E1B3C433000BDD22D /* Frameworks */,
				79F0CE5F1B3C433000BDD22D /* Resources */,
			);
			buildRules = (
			);
			dependencies = (
				79F0CE631B3C433000BDD22D /* PBXTargetDependency */,
			);
			name = LinkedInPracticeTests;
			productName = LinkedInPracticeTests;
			productReference = 79F0CE611B3C433000BDD22D /* LinkedInPracticeTests.xctest */;
			productType = "com.apple.product-type.bundle.unit-test";
		};
/* End PBXNativeTarget section */

/* Begin PBXProject section */
		79F0CE401B3C432E00BDD22D /* Project object */ = {
			isa = PBXProject;
			attributes = {
				LastUpgradeCheck = 0630;
				ORGANIZATIONNAME = "Innofied Solutions Pvt. Ltd.";
				TargetAttributes = {
					79F0CE471B3C432F00BDD22D = {
						CreatedOnToolsVersion = 6.3.1;
					};
					79F0CE601B3C433000BDD22D = {
						CreatedOnToolsVersion = 6.3.1;
						TestTargetID = 79F0CE471B3C432F00BDD22D;
					};
				};
			};
			buildConfigurationList = 79F0CE431B3C432E00BDD22D /* Build configuration list for PBXProject "LinkedInPractice" */;
			compatibilityVersion = "Xcode 3.2";
			developmentRegion = English;
			hasScannedForEncodings = 0;
			knownRegions = (
				en,
				Base,
				es,
			);
			mainGroup = 79F0CE3F1B3C432E00BDD22D;
			productRefGroup = 79F0CE491B3C432F00BDD22D /* Products */;
			projectDirPath = "";
			projectRoot = "";
			targets = (
				79F0CE471B3C432F00BDD22D /* LinkedInPractice */,
				79F0CE601B3C433000BDD22D /* LinkedInPracticeTests */,
			);
		};
/* End PBXProject section */

/* Begin PBXResourcesBuildPhase section */
		79F0CE461B3C432F00BDD22D /* Resources */ = {
			isa = PBXResourcesBuildPhase;
			buildActionMask = 2147483647;
			files = (
				79F0CE571B3C433000BDD22D /* Main.storyboard in Resources */,
				7933622A1B4D21120027325C /* OAuthLoginView.xib in Resources */,
				793362191B4D21120027325C /* Icon@2x.png in Resources */,
				793362161B4D21120027325C /* MainWindow.xib in Resources */,
				793362151B4D21120027325C /* InfoPlist.strings in Resources */,
				7933621B1B4D21120027325C /* linkedInBluebutton-highlight.png in Resources */,
				7933622F1B4D21120027325C /* READ_ME.txt in Resources */,
				79F0CE5C1B3C433000BDD22D /* LaunchScreen.xib in Resources */,
				7933622E1B4D21120027325C /* ProfileTabView.xib in Resources */,
				7933622B1B4D21120027325C /* OAuthStarterKit-Info.plist in Resources */,
				79F0CE591B3C433000BDD22D /* Images.xcassets in Resources */,
				793362181B4D21120027325C /* Icon.png in Resources */,
				793362171B4D21120027325C /* Icon-72.png in Resources */,
				7933621C1B4D21120027325C /* linkedInBluebutton.png in Resources */,
			);
			runOnlyForDeploymentPostprocessing = 0;
		};
		79F0CE5F1B3C433000BDD22D /* Resources */ = {
			isa = PBXResourcesBuildPhase;
			buildActionMask = 2147483647;
			files = (
			);
			runOnlyForDeploymentPostprocessing = 0;
		};
/* End PBXResourcesBuildPhase section */

/* Begin PBXSourcesBuildPhase section */
		79F0CE441B3C432F00BDD22D /* Sources */ = {
			isa = PBXSourcesBuildPhase;
			buildActionMask = 2147483647;
			files = (
				793362131B4D21120027325C /* hmac.c in Sources */,
				793362121B4D21120027325C /* Base64Transcoder.c in Sources */,
				793362101B4D21120027325C /* NSString+URLEncoding.m in Sources */,
				793362201B4D21120027325C /* OADataFetcher.m in Sources */,
				793362141B4D21120027325C /* sha1.c in Sources */,
				793362281B4D21120027325C /* OATokenManager.m in Sources */,
				793362261B4D21120027325C /* OAServiceTicket.m in Sources */,
				793362271B4D21120027325C /* OAToken.m in Sources */,
				793362291B4D21120027325C /* OAuthLoginView.m in Sources */,
				793362241B4D21120027325C /* OAProblem.m in Sources */,
				7933621A1B4D21120027325C /* JSONKit.m in Sources */,
				793362231B4D21120027325C /* OAPlaintextSignatureProvider.m in Sources */,
				793362251B4D21120027325C /* OARequestParameter.m in Sources */,
				793362221B4D21120027325C /* OAMutableURLRequest.m in Sources */,
				79F0CE541B3C433000BDD22D /* ViewController.m in Sources */,
				79F0CE511B3C433000BDD22D /* AppDelegate.m in Sources */,
				7933622D1B4D21120027325C /* ProfileTabView.m in Sources */,
				7933620F1B4D21120027325C /* NSMutableURLRequest+Parameters.m in Sources */,
				7933622C1B4D21120027325C /* OAuthStarterKitAppDelegate.m in Sources */,
				7933621D1B4D21120027325C /* OAAttachment.m in Sources */,
				79F0CE4E1B3C433000BDD22D /* main.m in Sources */,
				7933621F1B4D21120027325C /* OAConsumer.m in Sources */,
				793362111B4D21120027325C /* NSURL+Base.m in Sources */,
				7933621E1B4D21120027325C /* OACall.m in Sources */,
				793362211B4D21120027325C /* OAHMAC_SHA1SignatureProvider.m in Sources */,
			);
			runOnlyForDeploymentPostprocessing = 0;
		};
		79F0CE5D1B3C433000BDD22D /* Sources */ = {
			isa = PBXSourcesBuildPhase;
			buildActionMask = 2147483647;
			files = (
				79F0CE681B3C433100BDD22D /* LinkedInPracticeTests.m in Sources */,
			);
			runOnlyForDeploymentPostprocessing = 0;
		};
/* End PBXSourcesBuildPhase section */

/* Begin PBXTargetDependency section */
		79F0CE631B3C433000BDD22D /* PBXTargetDependency */ = {
			isa = PBXTargetDependency;
			target = 79F0CE471B3C432F00BDD22D /* LinkedInPractice */;
			targetProxy = 79F0CE621B3C433000BDD22D /* PBXContainerItemProxy */;
		};
/* End PBXTargetDependency section */

/* Begin PBXVariantGroup section */
		793361DC1B4D21120027325C /* InfoPlist.strings */ = {
			isa = PBXVariantGroup;
			children = (
				793361DD1B4D21120027325C /* en */,
				793361E01B4D21120027325C /* es */,
			);
			name = InfoPlist.strings;
			sourceTree = "<group>";
		};
		793361DE1B4D21120027325C /* MainWindow.xib */ = {
			isa = PBXVariantGroup;
			children = (
				793361DF1B4D21120027325C /* en */,
				793361E11B4D21120027325C /* es */,
			);
			name = MainWindow.xib;
			sourceTree = "<group>";
		};
		79F0CE551B3C433000BDD22D /* Main.storyboard */ = {
			isa = PBXVariantGroup;
			children = (
				79F0CE561B3C433000BDD22D /* Base */,
			);
			name = Main.storyboard;
			sourceTree = "<group>";
		};
		79F0CE5A1B3C433000BDD22D /* LaunchScreen.xib */ = {
			isa = PBXVariantGroup;
			children = (
				79F0CE5B1B3C433000BDD22D /* Base */,
			);
			name = LaunchScreen.xib;
			sourceTree = "<group>";
		};
/* End PBXVariantGroup section */

/* Begin XCBuildConfiguration section */
		79F0CE691B3C433100BDD22D /* Debug */ = {
			isa = XCBuildConfiguration;
			buildSettings = {
				ALWAYS_SEARCH_USER_PATHS = NO;
				CLANG_CXX_LANGUAGE_STANDARD = "gnu++0x";
				CLANG_CXX_LIBRARY = "libc++";
				CLANG_ENABLE_MODULES = YES;
				CLANG_ENABLE_OBJC_ARC = YES;
				CLANG_WARN_BOOL_CONVERSION = YES;
				CLANG_WARN_CONSTANT_CONVERSION = YES;
				CLANG_WARN_DIRECT_OBJC_ISA_USAGE = YES_ERROR;
				CLANG_WARN_EMPTY_BODY = YES;
				CLANG_WARN_ENUM_CONVERSION = YES;
				CLANG_WARN_INT_CONVERSION = YES;
				CLANG_WARN_OBJC_ROOT_CLASS = YES_ERROR;
				CLANG_WARN_UNREACHABLE_CODE = YES;
				CLANG_WARN__DUPLICATE_METHOD_MATCH = YES;
				"CODE_SIGN_IDENTITY[sdk=iphoneos*]" = "iPhone Developer";
				COPY_PHASE_STRIP = NO;
				DEBUG_INFORMATION_FORMAT = "dwarf-with-dsym";
				ENABLE_STRICT_OBJC_MSGSEND = YES;
				GCC_C_LANGUAGE_STANDARD = gnu99;
				GCC_DYNAMIC_NO_PIC = NO;
				GCC_NO_COMMON_BLOCKS = YES;
				GCC_OPTIMIZATION_LEVEL = 0;
				GCC_PREPROCESSOR_DEFINITIONS = (
					"DEBUG=1",
					"$(inherited)",
				);
				GCC_SYMBOLS_PRIVATE_EXTERN = NO;
				GCC_WARN_64_TO_32_BIT_CONVERSION = YES;
				GCC_WARN_ABOUT_RETURN_TYPE = YES_ERROR;
				GCC_WARN_UNDECLARED_SELECTOR = YES;
				GCC_WARN_UNINITIALIZED_AUTOS = YES_AGGRESSIVE;
				GCC_WARN_UNUSED_FUNCTION = YES;
				GCC_WARN_UNUSED_VARIABLE = YES;
				IPHONEOS_DEPLOYMENT_TARGET = 8.3;
				MTL_ENABLE_DEBUG_INFO = YES;
				ONLY_ACTIVE_ARCH = YES;
				SDKROOT = iphoneos;
			};
			name = Debug;
		};
		79F0CE6A1B3C433100BDD22D /* Release */ = {
			isa = XCBuildConfiguration;
			buildSettings = {
				ALWAYS_SEARCH_USER_PATHS = NO;
				CLANG_CXX_LANGUAGE_STANDARD = "gnu++0x";
				CLANG_CXX_LIBRARY = "libc++";
				CLANG_ENABLE_MODULES = YES;
				CLANG_ENABLE_OBJC_ARC = YES;
				CLANG_WARN_BOOL_CONVERSION = YES;
				CLANG_WARN_CONSTANT_CONVERSION = YES;
				CLANG_WARN_DIRECT_OBJC_ISA_USAGE = YES_ERROR;
				CLANG_WARN_EMPTY_BODY = YES;
				CLANG_WARN_ENUM_CONVERSION = YES;
				CLANG_WARN_INT_CONVERSION = YES;
				CLANG_WARN_OBJC_ROOT_CLASS = YES_ERROR;
				CLANG_WARN_UNREACHABLE_CODE = YES;
				CLANG_WARN__DUPLICATE_METHOD_MATCH = YES;
				"CODE_SIGN_IDENTITY[sdk=iphoneos*]" = "iPhone Developer";
				COPY_PHASE_STRIP = NO;
				DEBUG_INFORMATION_FORMAT = "dwarf-with-dsym";
				ENABLE_NS_ASSERTIONS = NO;
				ENABLE_STRICT_OBJC_MSGSEND = YES;
				GCC_C_LANGUAGE_STANDARD = gnu99;
				GCC_NO_COMMON_BLOCKS = YES;
				GCC_WARN_64_TO_32_BIT_CONVERSION = YES;
				GCC_WARN_ABOUT_RETURN_TYPE = YES_ERROR;
				GCC_WARN_UNDECLARED_SELECTOR = YES;
				GCC_WARN_UNINITIALIZED_AUTOS = YES_AGGRESSIVE;
				GCC_WARN_UNUSED_FUNCTION = YES;
				GCC_WARN_UNUSED_VARIABLE = YES;
				IPHONEOS_DEPLOYMENT_TARGET = 8.3;
				MTL_ENABLE_DEBUG_INFO = NO;
				SDKROOT = iphoneos;
				VALIDATE_PRODUCT = YES;
			};
			name = Release;
		};
		79F0CE6C1B3C433100BDD22D /* Debug */ = {
			isa = XCBuildConfiguration;
			buildSettings = {
				ASSETCATALOG_COMPILER_APPICON_NAME = AppIcon;
				GCC_PRECOMPILE_PREFIX_HEADER = YES;
				GCC_PREFIX_HEADER = "$(PROJECT_DIR)/LinkedInPractice/LinkedInPractice.pch";
				INFOPLIST_FILE = LinkedInPractice/Info.plist;
				LD_RUNPATH_SEARCH_PATHS = "$(inherited) @executable_path/Frameworks";
				PRODUCT_NAME = "$(TARGET_NAME)";
			};
			name = Debug;
		};
		79F0CE6D1B3C433100BDD22D /* Release */ = {
			isa = XCBuildConfiguration;
			buildSettings = {
				ASSETCATALOG_COMPILER_APPICON_NAME = AppIcon;
				GCC_PRECOMPILE_PREFIX_HEADER = YES;
				GCC_PREFIX_HEADER = "$(PROJECT_DIR)/LinkedInPractice/LinkedInPractice.pch";
				INFOPLIST_FILE = LinkedInPractice/Info.plist;
				LD_RUNPATH_SEARCH_PATHS = "$(inherited) @executable_path/Frameworks";
				PRODUCT_NAME = "$(TARGET_NAME)";
			};
			name = Release;
		};
		79F0CE6F1B3C433100BDD22D /* Debug */ = {
			isa = XCBuildConfiguration;
			buildSettings = {
				BUNDLE_LOADER = "$(TEST_HOST)";
				FRAMEWORK_SEARCH_PATHS = (
					"$(SDKROOT)/Developer/Library/Frameworks",
					"$(inherited)",
				);
				GCC_PREPROCESSOR_DEFINITIONS = (
					"DEBUG=1",
					"$(inherited)",
				);
				INFOPLIST_FILE = LinkedInPracticeTests/Info.plist;
				LD_RUNPATH_SEARCH_PATHS = "$(inherited) @executable_path/Frameworks @loader_path/Frameworks";
				PRODUCT_NAME = "$(TARGET_NAME)";
				TEST_HOST = "$(BUILT_PRODUCTS_DIR)/LinkedInPractice.app/LinkedInPractice";
			};
			name = Debug;
		};
		79F0CE701B3C433100BDD22D /* Release */ = {
			isa = XCBuildConfiguration;
			buildSettings = {
				BUNDLE_LOADER = "$(TEST_HOST)";
				FRAMEWORK_SEARCH_PATHS = (
					"$(SDKROOT)/Developer/Library/Frameworks",
					"$(inherited)",
				);
				INFOPLIST_FILE = LinkedInPracticeTests/Info.plist;
				LD_RUNPATH_SEARCH_PATHS = "$(inherited) @executable_path/Frameworks @loader_path/Frameworks";
				PRODUCT_NAME = "$(TARGET_NAME)";
				TEST_HOST = "$(BUILT_PRODUCTS_DIR)/LinkedInPractice.app/LinkedInPractice";
			};
			name = Release;
		};
/* End XCBuildConfiguration section */

/* Begin XCConfigurationList section */
		79F0CE431B3C432E00BDD22D /* Build configuration list for PBXProject "LinkedInPractice" */ = {
			isa = XCConfigurationList;
			buildConfigurations = (
				79F0CE691B3C433100BDD22D /* Debug */,
				79F0CE6A1B3C433100BDD22D /* Release */,
			);
			defaultConfigurationIsVisible = 0;
			defaultConfigurationName = Release;
		};
		79F0CE6B1B3C433100BDD22D /* Build configuration list for PBXNativeTarget "LinkedInPractice" */ = {
			isa = XCConfigurationList;
			buildConfigurations = (
				79F0CE6C1B3C433100BDD22D /* Debug */,
				79F0CE6D1B3C433100BDD22D /* Release */,
			);
			defaultConfigurationIsVisible = 0;
			defaultConfigurationName = Release;
		};
		79F0CE6E1B3C433100BDD22D /* Build configuration list for PBXNativeTarget "LinkedInPracticeTests" */ = {
			isa = XCConfigurationList;
			buildConfigurations = (
				79F0CE6F1B3C433100BDD22D /* Debug */,
				79F0CE701B3C433100BDD22D /* Release */,
			);
			defaultConfigurationIsVisible = 0;
			defaultConfigurationName = Release;
		};
/* End XCConfigurationList section */
	};
	rootObject = 79F0CE401B3C432E00BDD22D /* Project object */;
}
